
Microsoft Visual Studio Solution File, Format Version 12.00
# Visual Studio Version 16
VisualStudioVersion = 16.0.30011.22
MinimumVisualStudioVersion = 10.0.40219.1
Project("{9A19103F-16F7-4668-BE54-9A1E7A4F7556}") = "Entities", "Entities\Entities.csproj", "{58118B82-6A4A-426F-A779-F462103D71B1}"
EndProject
Project("{9A19103F-16F7-4668-BE54-9A1E7A4F7556}") = "Repositories", "Repositories\Repositories.csproj", "{27EF8A6D-A844-47CE-B064-79C8D0DDF549}"
EndProject
Project("{9A19103F-16F7-4668-BE54-9A1E7A4F7556}") = "RecipeDB.UnitTests", "RecipeDB.UnitTests\RecipeDB.UnitTests.csproj", "{7071C91C-570D-4070-ADCA-C2719BF8B054}"
EndProject
Project("{9A19103F-16F7-4668-BE54-9A1E7A4F7556}") = "DatabaseContext", "DatabaseContext\DatabaseContext.csproj", "{9C6C7932-3E9B-4EDD-87B6-9E805B6989AD}"
EndProject
Global
	GlobalSection(SolutionConfigurationPlatforms) = preSolution
		Debug|Any CPU = Debug|Any CPU
		Release|Any CPU = Release|Any CPU
	EndGlobalSection
	GlobalSection(ProjectConfigurationPlatforms) = postSolution
		{58118B82-6A4A-426F-A779-F462103D71B1}.Debug|Any CPU.ActiveCfg = Debug|Any CPU
		{58118B82-6A4A-426F-A779-F462103D71B1}.Debug|Any CPU.Build.0 = Debug|Any CPU
		{58118B82-6A4A-426F-A779-F462103D71B1}.Release|Any CPU.ActiveCfg = Release|Any CPU
		{58118B82-6A4A-426F-A779-F462103D71B1}.Release|Any CPU.Build.0 = Release|Any CPU
		{27EF8A6D-A844-47CE-B064-79C8D0DDF549}.Debug|Any CPU.ActiveCfg = Debug|Any CPU
		{27EF8A6D-A844-47CE-B064-79C8D0DDF549}.Debug|Any CPU.Build.0 = Debug|Any CPU
		{27EF8A6D-A844-47CE-B064-79C8D0DDF549}.Release|Any CPU.ActiveCfg = Release|Any CPU
		{27EF8A6D-A844-47CE-B064-79C8D0DDF549}.Release|Any CPU.Build.0 = Release|Any CPU
		{7071C91C-570D-4070-ADCA-C2719BF8B054}.Debug|Any CPU.ActiveCfg = Debug|Any CPU
		{7071C91C-570D-4070-ADCA-C2719BF8B054}.Debug|Any CPU.Build.0 = Debug|Any CPU
		{7071C91C-570D-4070-ADCA-C2719BF8B054}.Release|Any CPU.ActiveCfg = Release|Any CPU
		{7071C91C-570D-4070-ADCA-C2719BF8B054}.Release|Any CPU.Build.0 = Release|Any CPU
		{9C6C7932-3E9B-4EDD-87B6-9E805B6989AD}.Debug|Any CPU.ActiveCfg = Debug|Any CPU
		{9C6C7932-3E9B-4EDD-87B6-9E805B6989AD}.Debug|Any CPU.Build.0 = Debug|Any CPU
		{9C6C7932-3E9B-4EDD-87B6-9E805B6989AD}.Release|Any CPU.ActiveCfg = Release|Any CPU
		{9C6C7932-3E9B-4EDD-87B6-9E805B6989AD}.Release|Any CPU.Build.0 = Release|Any CPU
	EndGlobalSection
	GlobalSection(SolutionProperties) = preSolution
		HideSolutionNode = FALSE
	EndGlobalSection
	GlobalSection(ExtensibilityGlobals) = postSolution
		SolutionGuid = {748959CD-FD0F-49F9-B9A6-E38096287971}
	EndGlobalSection
EndGlobal
